// !$*UTF8*$!
{
	archiveVersion = 1;
	classes = {
	};
	objectVersion = 50;
	objects = {

/* Begin PBXBuildFile section */
		0516391B270FCBD40096AE10 /* Cards.swift in Sources */ = {isa = PBXBuildFile; fileRef = 0516391A270FCBD40096AE10 /* Cards.swift */; };
		0516391D270FDC830096AE10 /* Player.swift in Sources */ = {isa = PBXBuildFile; fileRef = 0516391C270FDC830096AE10 /* Player.swift */; };
		0516392427109C210096AE10 /* HomeTvViewController.swift in Sources */ = {isa = PBXBuildFile; fileRef = 0516392327109C210096AE10 /* HomeTvViewController.swift */; };
		0516392627109F2E0096AE10 /* Extensions.swift in Sources */ = {isa = PBXBuildFile; fileRef = 0516392527109F2E0096AE10 /* Extensions.swift */; };
		051639282710A22A0096AE10 /* HowToPlayViewController.swift in Sources */ = {isa = PBXBuildFile; fileRef = 051639272710A22A0096AE10 /* HowToPlayViewController.swift */; };
		0516392A2710A2580096AE10 /* LobbyViewController.swift in Sources */ = {isa = PBXBuildFile; fileRef = 051639292710A2580096AE10 /* LobbyViewController.swift */; };
		0516392B2710B01B0096AE10 /* Player.swift in Sources */ = {isa = PBXBuildFile; fileRef = 0516391C270FDC830096AE10 /* Player.swift */; };
		0516392C2710B0220096AE10 /* Cards.swift in Sources */ = {isa = PBXBuildFile; fileRef = 0516391A270FCBD40096AE10 /* Cards.swift */; };
		0516392E2710B6220096AE10 /* BoardViewController.swift in Sources */ = {isa = PBXBuildFile; fileRef = 0516392D2710B6220096AE10 /* BoardViewController.swift */; };
		C4293989270F9C800001BF7A /* AppDelegate.swift in Sources */ = {isa = PBXBuildFile; fileRef = C4293988270F9C800001BF7A /* AppDelegate.swift */; };
		C429398B270F9C810001BF7A /* SceneDelegate.swift in Sources */ = {isa = PBXBuildFile; fileRef = C429398A270F9C810001BF7A /* SceneDelegate.swift */; };
		C429398D270F9C810001BF7A /* ViewController.swift in Sources */ = {isa = PBXBuildFile; fileRef = C429398C270F9C810001BF7A /* ViewController.swift */; };
		C4293990270F9C810001BF7A /* Main.storyboard in Resources */ = {isa = PBXBuildFile; fileRef = C429398E270F9C810001BF7A /* Main.storyboard */; };
		C4293992270F9C830001BF7A /* Assets.xcassets in Resources */ = {isa = PBXBuildFile; fileRef = C4293991270F9C830001BF7A /* Assets.xcassets */; };
		C4293995270F9C830001BF7A /* LaunchScreen.storyboard in Resources */ = {isa = PBXBuildFile; fileRef = C4293993270F9C830001BF7A /* LaunchScreen.storyboard */; };
		C42939B9270FF1890001BF7A /* AppDelegate.swift in Sources */ = {isa = PBXBuildFile; fileRef = C42939B8270FF1890001BF7A /* AppDelegate.swift */; };
		C42939C0270FF18D0001BF7A /* Assets.xcassets in Resources */ = {isa = PBXBuildFile; fileRef = C42939BF270FF18D0001BF7A /* Assets.xcassets */; };
		C42939C3270FF18D0001BF7A /* LaunchScreen.storyboard in Resources */ = {isa = PBXBuildFile; fileRef = C42939C1270FF18D0001BF7A /* LaunchScreen.storyboard */; };
		C42939CA270FFE350001BF7A /* MCSessionService.swift in Sources */ = {isa = PBXBuildFile; fileRef = C42939C9270FFE350001BF7A /* MCSessionService.swift */; };
		C42939D027108D260001BF7A /* TestViewController.swift in Sources */ = {isa = PBXBuildFile; fileRef = C42939CF27108D260001BF7A /* TestViewController.swift */; };
		C4C6C0B32710B1A000BE7288 /* JoinGameViewController.swift in Sources */ = {isa = PBXBuildFile; fileRef = C4C6C0B22710B1A000BE7288 /* JoinGameViewController.swift */; };
		C4C6C0B52710CE2300BE7288 /* Main.storyboard in Resources */ = {isa = PBXBuildFile; fileRef = C4C6C0B42710CE2300BE7288 /* Main.storyboard */; };
/* End PBXBuildFile section */

/* Begin PBXFileReference section */
		0516391A270FCBD40096AE10 /* Cards.swift */ = {isa = PBXFileReference; lastKnownFileType = sourcecode.swift; path = Cards.swift; sourceTree = "<group>"; };
		0516391C270FDC830096AE10 /* Player.swift */ = {isa = PBXFileReference; lastKnownFileType = sourcecode.swift; path = Player.swift; sourceTree = "<group>"; };
		0516392327109C210096AE10 /* HomeTvViewController.swift */ = {isa = PBXFileReference; lastKnownFileType = sourcecode.swift; path = HomeTvViewController.swift; sourceTree = "<group>"; };
		0516392527109F2E0096AE10 /* Extensions.swift */ = {isa = PBXFileReference; lastKnownFileType = sourcecode.swift; path = Extensions.swift; sourceTree = "<group>"; };
		051639272710A22A0096AE10 /* HowToPlayViewController.swift */ = {isa = PBXFileReference; lastKnownFileType = sourcecode.swift; path = HowToPlayViewController.swift; sourceTree = "<group>"; };
		051639292710A2580096AE10 /* LobbyViewController.swift */ = {isa = PBXFileReference; lastKnownFileType = sourcecode.swift; path = LobbyViewController.swift; sourceTree = "<group>"; };
		0516392D2710B6220096AE10 /* BoardViewController.swift */ = {isa = PBXFileReference; lastKnownFileType = sourcecode.swift; path = BoardViewController.swift; sourceTree = "<group>"; };
		C4293985270F9C800001BF7A /* Collusion.app */ = {isa = PBXFileReference; explicitFileType = wrapper.application; includeInIndex = 0; path = Collusion.app; sourceTree = BUILT_PRODUCTS_DIR; };
		C4293988270F9C800001BF7A /* AppDelegate.swift */ = {isa = PBXFileReference; lastKnownFileType = sourcecode.swift; path = AppDelegate.swift; sourceTree = "<group>"; };
		C429398A270F9C810001BF7A /* SceneDelegate.swift */ = {isa = PBXFileReference; lastKnownFileType = sourcecode.swift; path = SceneDelegate.swift; sourceTree = "<group>"; };
		C429398C270F9C810001BF7A /* ViewController.swift */ = {isa = PBXFileReference; lastKnownFileType = sourcecode.swift; path = ViewController.swift; sourceTree = "<group>"; };
		C429398F270F9C810001BF7A /* Base */ = {isa = PBXFileReference; lastKnownFileType = file.storyboard; name = Base; path = Base.lproj/Main.storyboard; sourceTree = "<group>"; };
		C4293991270F9C830001BF7A /* Assets.xcassets */ = {isa = PBXFileReference; lastKnownFileType = folder.assetcatalog; path = Assets.xcassets; sourceTree = "<group>"; };
		C4293994270F9C830001BF7A /* Base */ = {isa = PBXFileReference; lastKnownFileType = file.storyboard; name = Base; path = Base.lproj/LaunchScreen.storyboard; sourceTree = "<group>"; };
		C4293996270F9C830001BF7A /* Info.plist */ = {isa = PBXFileReference; lastKnownFileType = text.plist.xml; path = Info.plist; sourceTree = "<group>"; };
		C42939B6270FF1890001BF7A /* CollusionTV.app */ = {isa = PBXFileReference; explicitFileType = wrapper.application; includeInIndex = 0; path = CollusionTV.app; sourceTree = BUILT_PRODUCTS_DIR; };
		C42939B8270FF1890001BF7A /* AppDelegate.swift */ = {isa = PBXFileReference; lastKnownFileType = sourcecode.swift; path = AppDelegate.swift; sourceTree = "<group>"; };
		C42939BF270FF18D0001BF7A /* Assets.xcassets */ = {isa = PBXFileReference; lastKnownFileType = folder.assetcatalog; path = Assets.xcassets; sourceTree = "<group>"; };
		C42939C2270FF18D0001BF7A /* Base */ = {isa = PBXFileReference; lastKnownFileType = file.storyboard; name = Base; path = Base.lproj/LaunchScreen.storyboard; sourceTree = "<group>"; };
		C42939C4270FF18D0001BF7A /* Info.plist */ = {isa = PBXFileReference; lastKnownFileType = text.plist.xml; path = Info.plist; sourceTree = "<group>"; };
		C42939C9270FFE350001BF7A /* MCSessionService.swift */ = {isa = PBXFileReference; lastKnownFileType = sourcecode.swift; path = MCSessionService.swift; sourceTree = "<group>"; };
		C42939CF27108D260001BF7A /* TestViewController.swift */ = {isa = PBXFileReference; lastKnownFileType = sourcecode.swift; path = TestViewController.swift; sourceTree = "<group>"; };
		C4C6C0B22710B1A000BE7288 /* JoinGameViewController.swift */ = {isa = PBXFileReference; lastKnownFileType = sourcecode.swift; path = JoinGameViewController.swift; sourceTree = "<group>"; };
		C4C6C0B42710CE2300BE7288 /* Main.storyboard */ = {isa = PBXFileReference; fileEncoding = 4; lastKnownFileType = file.storyboard; path = Main.storyboard; sourceTree = "<group>"; };
/* End PBXFileReference section */

/* Begin PBXFrameworksBuildPhase section */
		C4293982270F9C800001BF7A /* Frameworks */ = {
			isa = PBXFrameworksBuildPhase;
			buildActionMask = 2147483647;
			files = (
			);
			runOnlyForDeploymentPostprocessing = 0;
		};
		C42939B3270FF1890001BF7A /* Frameworks */ = {
			isa = PBXFrameworksBuildPhase;
			buildActionMask = 2147483647;
			files = (
			);
			runOnlyForDeploymentPostprocessing = 0;
		};
/* End PBXFrameworksBuildPhase section */

/* Begin PBXGroup section */
		0516391E27108F660096AE10 /* Models */ = {
			isa = PBXGroup;
			children = (
				0516391A270FCBD40096AE10 /* Cards.swift */,
				0516391C270FDC830096AE10 /* Player.swift */,
			);
			path = Models;
			sourceTree = "<group>";
		};
		C429397C270F9C800001BF7A = {
			isa = PBXGroup;
			children = (
				C4293987270F9C800001BF7A /* Collusion */,
				0516391E27108F660096AE10 /* Models */,
				C42939B7270FF1890001BF7A /* CollusionTV */,
				C4293986270F9C800001BF7A /* Products */,
			);
			sourceTree = "<group>";
		};
		C4293986270F9C800001BF7A /* Products */ = {
			isa = PBXGroup;
			children = (
				C4293985270F9C800001BF7A /* Collusion.app */,
				C42939B6270FF1890001BF7A /* CollusionTV.app */,
			);
			name = Products;
			sourceTree = "<group>";
		};
		C4293987270F9C800001BF7A /* Collusion */ = {
			isa = PBXGroup;
			children = (
				C4293988270F9C800001BF7A /* AppDelegate.swift */,
				C429398A270F9C810001BF7A /* SceneDelegate.swift */,
				C429398C270F9C810001BF7A /* ViewController.swift */,
				C429398E270F9C810001BF7A /* Main.storyboard */,
				C4293991270F9C830001BF7A /* Assets.xcassets */,
				C4293993270F9C830001BF7A /* LaunchScreen.storyboard */,
				C4293996270F9C830001BF7A /* Info.plist */,
				C4C6C0B22710B1A000BE7288 /* JoinGameViewController.swift */,
			);
			path = Collusion;
			sourceTree = "<group>";
		};
		C42939B7270FF1890001BF7A /* CollusionTV */ = {
			isa = PBXGroup;
			children = (
				C4C6C0B42710CE2300BE7288 /* Main.storyboard */,
				C42939B8270FF1890001BF7A /* AppDelegate.swift */,
				0516392527109F2E0096AE10 /* Extensions.swift */,
				0516392327109C210096AE10 /* HomeTvViewController.swift */,
				0516392D2710B6220096AE10 /* BoardViewController.swift */,
				051639272710A22A0096AE10 /* HowToPlayViewController.swift */,
				051639292710A2580096AE10 /* LobbyViewController.swift */,
				C42939BF270FF18D0001BF7A /* Assets.xcassets */,
				C42939C1270FF18D0001BF7A /* LaunchScreen.storyboard */,
				C42939C4270FF18D0001BF7A /* Info.plist */,
				C42939C9270FFE350001BF7A /* MCSessionService.swift */,
				C42939CF27108D260001BF7A /* TestViewController.swift */,
			);
			path = CollusionTV;
			sourceTree = "<group>";
		};
/* End PBXGroup section */

/* Begin PBXNativeTarget section */
		C4293984270F9C800001BF7A /* Collusion */ = {
			isa = PBXNativeTarget;
			buildConfigurationList = C4293999270F9C830001BF7A /* Build configuration list for PBXNativeTarget "Collusion" */;
			buildPhases = (
				C4293981270F9C800001BF7A /* Sources */,
				C4293982270F9C800001BF7A /* Frameworks */,
				C4293983270F9C800001BF7A /* Resources */,
			);
			buildRules = (
			);
			dependencies = (
			);
			name = Collusion;
			productName = Collusion;
			productReference = C4293985270F9C800001BF7A /* Collusion.app */;
			productType = "com.apple.product-type.application";
		};
		C42939B5270FF1890001BF7A /* CollusionTV */ = {
			isa = PBXNativeTarget;
			buildConfigurationList = C42939C7270FF18D0001BF7A /* Build configuration list for PBXNativeTarget "CollusionTV" */;
			buildPhases = (
				C42939B2270FF1890001BF7A /* Sources */,
				C42939B3270FF1890001BF7A /* Frameworks */,
				C42939B4270FF1890001BF7A /* Resources */,
			);
			buildRules = (
			);
			dependencies = (
			);
			name = CollusionTV;
			productName = CollusionTV;
			productReference = C42939B6270FF1890001BF7A /* CollusionTV.app */;
			productType = "com.apple.product-type.application";
		};
/* End PBXNativeTarget section */

/* Begin PBXProject section */
		C429397D270F9C800001BF7A /* Project object */ = {
			isa = PBXProject;
			attributes = {
				LastSwiftUpdateCheck = 1250;
				LastUpgradeCheck = 1250;
				TargetAttributes = {
					C4293984270F9C800001BF7A = {
						CreatedOnToolsVersion = 12.5.1;
					};
					C42939B5270FF1890001BF7A = {
						CreatedOnToolsVersion = 12.5.1;
					};
				};
			};
			buildConfigurationList = C4293980270F9C800001BF7A /* Build configuration list for PBXProject "Collusion" */;
			compatibilityVersion = "Xcode 9.3";
			developmentRegion = en;
			hasScannedForEncodings = 0;
			knownRegions = (
				en,
				Base,
			);
			mainGroup = C429397C270F9C800001BF7A;
			productRefGroup = C4293986270F9C800001BF7A /* Products */;
			projectDirPath = "";
			projectRoot = "";
			targets = (
				C4293984270F9C800001BF7A /* Collusion */,
				C42939B5270FF1890001BF7A /* CollusionTV */,
			);
		};
/* End PBXProject section */

/* Begin PBXResourcesBuildPhase section */
		C4293983270F9C800001BF7A /* Resources */ = {
			isa = PBXResourcesBuildPhase;
			buildActionMask = 2147483647;
			files = (
				C4293995270F9C830001BF7A /* LaunchScreen.storyboard in Resources */,
				C4293992270F9C830001BF7A /* Assets.xcassets in Resources */,
				C4293990270F9C810001BF7A /* Main.storyboard in Resources */,
			);
			runOnlyForDeploymentPostprocessing = 0;
		};
		C42939B4270FF1890001BF7A /* Resources */ = {
			isa = PBXResourcesBuildPhase;
			buildActionMask = 2147483647;
			files = (
				C4C6C0B52710CE2300BE7288 /* Main.storyboard in Resources */,
				C42939C3270FF18D0001BF7A /* LaunchScreen.storyboard in Resources */,
				C42939C0270FF18D0001BF7A /* Assets.xcassets in Resources */,
			);
			runOnlyForDeploymentPostprocessing = 0;
		};
/* End PBXResourcesBuildPhase section */

/* Begin PBXSourcesBuildPhase section */
		C4293981270F9C800001BF7A /* Sources */ = {
			isa = PBXSourcesBuildPhase;
			buildActionMask = 2147483647;
			files = (
				0516391D270FDC830096AE10 /* Player.swift in Sources */,
				C429398D270F9C810001BF7A /* ViewController.swift in Sources */,
				C4293989270F9C800001BF7A /* AppDelegate.swift in Sources */,
				C429398B270F9C810001BF7A /* SceneDelegate.swift in Sources */,
				C4C6C0B32710B1A000BE7288 /* JoinGameViewController.swift in Sources */,
				0516391B270FCBD40096AE10 /* Cards.swift in Sources */,
			);
			runOnlyForDeploymentPostprocessing = 0;
		};
		C42939B2270FF1890001BF7A /* Sources */ = {
			isa = PBXSourcesBuildPhase;
			buildActionMask = 2147483647;
			files = (
				0516392C2710B0220096AE10 /* Cards.swift in Sources */,
				0516392B2710B01B0096AE10 /* Player.swift in Sources */,
				C42939CA270FFE350001BF7A /* MCSessionService.swift in Sources */,
				C42939D027108D260001BF7A /* TestViewController.swift in Sources */,
				C42939B9270FF1890001BF7A /* AppDelegate.swift in Sources */,
				0516392E2710B6220096AE10 /* BoardViewController.swift in Sources */,
				0516392A2710A2580096AE10 /* LobbyViewController.swift in Sources */,
				0516392627109F2E0096AE10 /* Extensions.swift in Sources */,
				051639282710A22A0096AE10 /* HowToPlayViewController.swift in Sources */,
				0516392427109C210096AE10 /* HomeTvViewController.swift in Sources */,
			);
			runOnlyForDeploymentPostprocessing = 0;
		};
/* End PBXSourcesBuildPhase section */

/* Begin PBXVariantGroup section */
		C429398E270F9C810001BF7A /* Main.storyboard */ = {
			isa = PBXVariantGroup;
			children = (
				C429398F270F9C810001BF7A /* Base */,
			);
			name = Main.storyboard;
			sourceTree = "<group>";
		};
		C4293993270F9C830001BF7A /* LaunchScreen.storyboard */ = {
			isa = PBXVariantGroup;
			children = (
				C4293994270F9C830001BF7A /* Base */,
			);
			name = LaunchScreen.storyboard;
			sourceTree = "<group>";
		};
		C42939C1270FF18D0001BF7A /* LaunchScreen.storyboard */ = {
			isa = PBXVariantGroup;
			children = (
				C42939C2270FF18D0001BF7A /* Base */,
			);
			name = LaunchScreen.storyboard;
			sourceTree = "<group>";
		};
/* End PBXVariantGroup section */

/* Begin XCBuildConfiguration section */
		C4293997270F9C830001BF7A /* Debug */ = {
			isa = XCBuildConfiguration;
			buildSettings = {
				ALWAYS_SEARCH_USER_PATHS = NO;
				CLANG_ANALYZER_NONNULL = YES;
				CLANG_ANALYZER_NUMBER_OBJECT_CONVERSION = YES_AGGRESSIVE;
				CLANG_CXX_LANGUAGE_STANDARD = "gnu++14";
				CLANG_CXX_LIBRARY = "libc++";
				CLANG_ENABLE_MODULES = YES;
				CLANG_ENABLE_OBJC_ARC = YES;
				CLANG_ENABLE_OBJC_WEAK = YES;
				CLANG_WARN_BLOCK_CAPTURE_AUTORELEASING = YES;
				CLANG_WARN_BOOL_CONVERSION = YES;
				CLANG_WARN_COMMA = YES;
				CLANG_WARN_CONSTANT_CONVERSION = YES;
				CLANG_WARN_DEPRECATED_OBJC_IMPLEMENTATIONS = YES;
				CLANG_WARN_DIRECT_OBJC_ISA_USAGE = YES_ERROR;
				CLANG_WARN_DOCUMENTATION_COMMENTS = YES;
				CLANG_WARN_EMPTY_BODY = YES;
				CLANG_WARN_ENUM_CONVERSION = YES;
				CLANG_WARN_INFINITE_RECURSION = YES;
				CLANG_WARN_INT_CONVERSION = YES;
				CLANG_WARN_NON_LITERAL_NULL_CONVERSION = YES;
				CLANG_WARN_OBJC_IMPLICIT_RETAIN_SELF = YES;
				CLANG_WARN_OBJC_LITERAL_CONVERSION = YES;
				CLANG_WARN_OBJC_ROOT_CLASS = YES_ERROR;
				CLANG_WARN_QUOTED_INCLUDE_IN_FRAMEWORK_HEADER = YES;
				CLANG_WARN_RANGE_LOOP_ANALYSIS = YES;
				CLANG_WARN_STRICT_PROTOTYPES = YES;
				CLANG_WARN_SUSPICIOUS_MOVE = YES;
				CLANG_WARN_UNGUARDED_AVAILABILITY = YES_AGGRESSIVE;
				CLANG_WARN_UNREACHABLE_CODE = YES;
				CLANG_WARN__DUPLICATE_METHOD_MATCH = YES;
				COPY_PHASE_STRIP = NO;
				DEBUG_INFORMATION_FORMAT = dwarf;
				ENABLE_STRICT_OBJC_MSGSEND = YES;
				ENABLE_TESTABILITY = YES;
				GCC_C_LANGUAGE_STANDARD = gnu11;
				GCC_DYNAMIC_NO_PIC = NO;
				GCC_NO_COMMON_BLOCKS = YES;
				GCC_OPTIMIZATION_LEVEL = 0;
				GCC_PREPROCESSOR_DEFINITIONS = (
					"DEBUG=1",
					"$(inherited)",
				);
				GCC_WARN_64_TO_32_BIT_CONVERSION = YES;
				GCC_WARN_ABOUT_RETURN_TYPE = YES_ERROR;
				GCC_WARN_UNDECLARED_SELECTOR = YES;
				GCC_WARN_UNINITIALIZED_AUTOS = YES_AGGRESSIVE;
				GCC_WARN_UNUSED_FUNCTION = YES;
				GCC_WARN_UNUSED_VARIABLE = YES;
				IPHONEOS_DEPLOYMENT_TARGET = 14.3;
				MTL_ENABLE_DEBUG_INFO = INCLUDE_SOURCE;
				MTL_FAST_MATH = YES;
				ONLY_ACTIVE_ARCH = YES;
				SDKROOT = iphoneos;
				SWIFT_ACTIVE_COMPILATION_CONDITIONS = DEBUG;
				SWIFT_OPTIMIZATION_LEVEL = "-Onone";
			};
			name = Debug;
		};
		C4293998270F9C830001BF7A /* Release */ = {
			isa = XCBuildConfiguration;
			buildSettings = {
				ALWAYS_SEARCH_USER_PATHS = NO;
				CLANG_ANALYZER_NONNULL = YES;
				CLANG_ANALYZER_NUMBER_OBJECT_CONVERSION = YES_AGGRESSIVE;
				CLANG_CXX_LANGUAGE_STANDARD = "gnu++14";
				CLANG_CXX_LIBRARY = "libc++";
				CLANG_ENABLE_MODULES = YES;
				CLANG_ENABLE_OBJC_ARC = YES;
				CLANG_ENABLE_OBJC_WEAK = YES;
				CLANG_WARN_BLOCK_CAPTURE_AUTORELEASING = YES;
				CLANG_WARN_BOOL_CONVERSION = YES;
				CLANG_WARN_COMMA = YES;
				CLANG_WARN_CONSTANT_CONVERSION = YES;
				CLANG_WARN_DEPRECATED_OBJC_IMPLEMENTATIONS = YES;
				CLANG_WARN_DIRECT_OBJC_ISA_USAGE = YES_ERROR;
				CLANG_WARN_DOCUMENTATION_COMMENTS = YES;
				CLANG_WARN_EMPTY_BODY = YES;
				CLANG_WARN_ENUM_CONVERSION = YES;
				CLANG_WARN_INFINITE_RECURSION = YES;
				CLANG_WARN_INT_CONVERSION = YES;
				CLANG_WARN_NON_LITERAL_NULL_CONVERSION = YES;
				CLANG_WARN_OBJC_IMPLICIT_RETAIN_SELF = YES;
				CLANG_WARN_OBJC_LITERAL_CONVERSION = YES;
				CLANG_WARN_OBJC_ROOT_CLASS = YES_ERROR;
				CLANG_WARN_QUOTED_INCLUDE_IN_FRAMEWORK_HEADER = YES;
				CLANG_WARN_RANGE_LOOP_ANALYSIS = YES;
				CLANG_WARN_STRICT_PROTOTYPES = YES;
				CLANG_WARN_SUSPICIOUS_MOVE = YES;
				CLANG_WARN_UNGUARDED_AVAILABILITY = YES_AGGRESSIVE;
				CLANG_WARN_UNREACHABLE_CODE = YES;
				CLANG_WARN__DUPLICATE_METHOD_MATCH = YES;
				COPY_PHASE_STRIP = NO;
				DEBUG_INFORMATION_FORMAT = "dwarf-with-dsym";
				ENABLE_NS_ASSERTIONS = NO;
				ENABLE_STRICT_OBJC_MSGSEND = YES;
				GCC_C_LANGUAGE_STANDARD = gnu11;
				GCC_NO_COMMON_BLOCKS = YES;
				GCC_WARN_64_TO_32_BIT_CONVERSION = YES;
				GCC_WARN_ABOUT_RETURN_TYPE = YES_ERROR;
				GCC_WARN_UNDECLARED_SELECTOR = YES;
				GCC_WARN_UNINITIALIZED_AUTOS = YES_AGGRESSIVE;
				GCC_WARN_UNUSED_FUNCTION = YES;
				GCC_WARN_UNUSED_VARIABLE = YES;
				IPHONEOS_DEPLOYMENT_TARGET = 14.3;
				MTL_ENABLE_DEBUG_INFO = NO;
				MTL_FAST_MATH = YES;
				SDKROOT = iphoneos;
				SWIFT_COMPILATION_MODE = wholemodule;
				SWIFT_OPTIMIZATION_LEVEL = "-O";
				VALIDATE_PRODUCT = YES;
			};
			name = Release;
		};
		C429399A270F9C830001BF7A /* Debug */ = {
			isa = XCBuildConfiguration;
			buildSettings = {
				ASSETCATALOG_COMPILER_APPICON_NAME = AppIcon;
				ASSETCATALOG_COMPILER_GLOBAL_ACCENT_COLOR_NAME = AccentColor;
				CODE_SIGN_STYLE = Automatic;
				DEVELOPMENT_TEAM = QP48FW2MG5;
				INFOPLIST_FILE = Collusion/Info.plist;
				IPHONEOS_DEPLOYMENT_TARGET = 14.3;
				LD_RUNPATH_SEARCH_PATHS = (
					"$(inherited)",
					"@executable_path/Frameworks",
				);
				PRODUCT_BUNDLE_IDENTIFIER = dma.Collusion;
				PRODUCT_NAME = "$(TARGET_NAME)";
				SWIFT_VERSION = 5.0;
				TARGETED_DEVICE_FAMILY = "1,2";
			};
			name = Debug;
		};
		C429399B270F9C830001BF7A /* Release */ = {
			isa = XCBuildConfiguration;
			buildSettings = {
				ASSETCATALOG_COMPILER_APPICON_NAME = AppIcon;
				ASSETCATALOG_COMPILER_GLOBAL_ACCENT_COLOR_NAME = AccentColor;
				CODE_SIGN_STYLE = Automatic;
				DEVELOPMENT_TEAM = QP48FW2MG5;
				INFOPLIST_FILE = Collusion/Info.plist;
				IPHONEOS_DEPLOYMENT_TARGET = 14.3;
				LD_RUNPATH_SEARCH_PATHS = (
					"$(inherited)",
					"@executable_path/Frameworks",
				);
				PRODUCT_BUNDLE_IDENTIFIER = dma.Collusion;
				PRODUCT_NAME = "$(TARGET_NAME)";
				SWIFT_VERSION = 5.0;
				TARGETED_DEVICE_FAMILY = "1,2";
			};
			name = Release;
		};
		C42939C5270FF18D0001BF7A /* Debug */ = {
			isa = XCBuildConfiguration;
			buildSettings = {
				ASSETCATALOG_COMPILER_APPICON_NAME = "App Icon & Top Shelf Image";
				ASSETCATALOG_COMPILER_GLOBAL_ACCENT_COLOR_NAME = AccentColor;
				CODE_SIGN_STYLE = Automatic;
				DEVELOPMENT_TEAM = QP48FW2MG5;
				INFOPLIST_FILE = CollusionTV/Info.plist;
				LD_RUNPATH_SEARCH_PATHS = (
					"$(inherited)",
					"@executable_path/Frameworks",
				);
				PRODUCT_BUNDLE_IDENTIFIER = dma.CollusionTV;
				PRODUCT_NAME = "$(TARGET_NAME)";
				SDKROOT = appletvos;
				SWIFT_VERSION = 5.0;
				TARGETED_DEVICE_FAMILY = 3;
				TVOS_DEPLOYMENT_TARGET = 14.5;
			};
			name = Debug;
		};
		C42939C6270FF18D0001BF7A /* Release */ = {
			isa = XCBuildConfiguration;
			buildSettings = {
				ASSETCATALOG_COMPILER_APPICON_NAME = "App Icon & Top Shelf Image";
				ASSETCATALOG_COMPILER_GLOBAL_ACCENT_COLOR_NAME = AccentColor;
				CODE_SIGN_STYLE = Automatic;
				DEVELOPMENT_TEAM = QP48FW2MG5;
				INFOPLIST_FILE = CollusionTV/Info.plist;
				LD_RUNPATH_SEARCH_PATHS = (
					"$(inherited)",
					"@executable_path/Frameworks",
				);
				PRODUCT_BUNDLE_IDENTIFIER = dma.CollusionTV;
				PRODUCT_NAME = "$(TARGET_NAME)";
				SDKROOT = appletvos;
				SWIFT_VERSION = 5.0;
				TARGETED_DEVICE_FAMILY = 3;
				TVOS_DEPLOYMENT_TARGET = 14.5;
			};
			name = Release;
		};
/* End XCBuildConfiguration section */

/* Begin XCConfigurationList section */
		C4293980270F9C800001BF7A /* Build configuration list for PBXProject "Collusion" */ = {
			isa = XCConfigurationList;
			buildConfigurations = (
				C4293997270F9C830001BF7A /* Debug */,
				C4293998270F9C830001BF7A /* Release */,
			);
			defaultConfigurationIsVisible = 0;
			defaultConfigurationName = Release;
		};
		C4293999270F9C830001BF7A /* Build configuration list for PBXNativeTarget "Collusion" */ = {
			isa = XCConfigurationList;
			buildConfigurations = (
				C429399A270F9C830001BF7A /* Debug */,
				C429399B270F9C830001BF7A /* Release */,
			);
			defaultConfigurationIsVisible = 0;
			defaultConfigurationName = Release;
		};
		C42939C7270FF18D0001BF7A /* Build configuration list for PBXNativeTarget "CollusionTV" */ = {
			isa = XCConfigurationList;
			buildConfigurations = (
				C42939C5270FF18D0001BF7A /* Debug */,
				C42939C6270FF18D0001BF7A /* Release */,
			);
			defaultConfigurationIsVisible = 0;
			defaultConfigurationName = Release;
		};
/* End XCConfigurationList section */
	};
	rootObject = C429397D270F9C800001BF7A /* Project object */;
}
